
Microsoft Visual Studio Solution File, Format Version 12.00
# Visual Studio Version 17
VisualStudioVersion = 17.0.32014.148
MinimumVisualStudioVersion = 10.0.40219.1
Project("{FAE04EC0-301F-11D3-BF4B-00C04F79EFBC}") = "ANASTASIYABRAH", "ANASTASIYABRAH\ANASTASIYABRAH.csproj", "{A92BE9D4-4709-4C22-BC47-21D8CA9C68B3}"
EndProject
Global
	GlobalSection(SolutionConfigurationPlatforms) = preSolution
		Debug|Any CPU = Debug|Any CPU
		Release|Any CPU = Release|Any CPU
	EndGlobalSection
	GlobalSection(ProjectConfigurationPlatforms) = postSolution
		{A92BE9D4-4709-4C22-BC47-21D8CA9C68B3}.Debug|Any CPU.ActiveCfg = Debug|Any CPU
		{A92BE9D4-4709-4C22-BC47-21D8CA9C68B3}.Debug|Any CPU.Build.0 = Debug|Any CPU
		{A92BE9D4-4709-4C22-BC47-21D8CA9C68B3}.Release|Any CPU.ActiveCfg = Release|Any CPU
		{A92BE9D4-4709-4C22-BC47-21D8CA9C68B3}.Release|Any CPU.Build.0 = Release|Any CPU
	EndGlobalSection
	GlobalSection(SolutionProperties) = preSolution
		HideSolutionNode = FALSE
	EndGlobalSection
	GlobalSection(ExtensibilityGlobals) = postSolution
		SolutionGuid = {7BEA4576-B085-43F0-AEBD-1693DFBC0927}
	EndGlobalSection
EndGlobal
